<?xml version="1.0" encoding="utf-8"?>
<Project ToolsVersion="4.0" xmlns="http://schemas.microsoft.com/developer/msbuild/2003">
  <ItemGroup>
    <Filter Include="Source Files">
      <UniqueIdentifier>{c92b605b-573b-4def-a0d4-c38607386f4e}</UniqueIdentifier>
      <Extensions>cpp;c;cxx;rc;def;r;odl;idl;hpj;bat</Extensions>
    </Filter>
    <Filter Include="Header Files">
      <UniqueIdentifier>{dcf35b8f-abd3-403f-abf0-f55b2fab54aa}</UniqueIdentifier>
      <Extensions>h;hpp;hxx;hm;inl</Extensions>
    </Filter>
    <Filter Include="Resource Files">
      <UniqueIdentifier>{2c32a5fc-9082-4cea-adf0-24cb44ed6db0}</UniqueIdentifier>
      <Extensions>ico;cur;bmp;dlg;rc2;rct;bin;rgs;gif;jpg;jpeg;jpe</Extensions>
    </Filter>
  </ItemGroup>
  <ItemGroup>
    <ClCompile Include="AD.cpp">
      <Filter>Source Files</Filter>
    </ClCompile>
    <ClCompile Include="BearBearVideo.cpp">
      <Filter>Source Files</Filter>
    </ClCompile>
    <ClCompile Include="BearBearVideoDlg.cpp">
      <Filter>Source Files</Filter>
    </ClCompile>
    <ClCompile Include="timerdialog\beautifulcanlendarmonthcombo.cpp">
      <Filter>Source Files</Filter>
    </ClCompile>
    <ClCompile Include="timerdialog\beautifulcanlendaryearcombox.cpp">
      <Filter>Source Files</Filter>
    </ClCompile>
    <ClCompile Include="timerdialog\BeautifulDateTimePicker.cpp">
      <Filter>Source Files</Filter>
    </ClCompile>
    <ClCompile Include="timerdialog\Calendar.cpp">
      <Filter>Source Files</Filter>
    </ClCompile>
    <ClCompile Include="DarwDialog.cpp">
      <Filter>Source Files</Filter>
    </ClCompile>
    <ClCompile Include="DrawButton.cpp">
      <Filter>Source Files</Filter>
    </ClCompile>
    <ClCompile Include="DrawEdit.cpp">
      <Filter>Source Files</Filter>
    </ClCompile>
    <ClCompile Include="DrawListCtrl.cpp">
      <Filter>Source Files</Filter>
    </ClCompile>
    <ClCompile Include="DrawTab.cpp">
      <Filter>Source Files</Filter>
    </ClCompile>
    <ClCompile Include="DrawToolBar.cpp">
      <Filter>Source Files</Filter>
    </ClCompile>
    <ClCompile Include="HideDialog.cpp">
      <Filter>Source Files</Filter>
    </ClCompile>
    <ClCompile Include="MakeVideo.cpp">
      <Filter>Source Files</Filter>
    </ClCompile>
    <ClCompile Include="MenuButton.cpp">
      <Filter>Source Files</Filter>
    </ClCompile>
    <ClCompile Include="NewButton.cpp">
      <Filter>Source Files</Filter>
    </ClCompile>
    <ClCompile Include="Set.cpp">
      <Filter>Source Files</Filter>
    </ClCompile>
    <ClCompile Include="SetLZ.cpp">
      <Filter>Source Files</Filter>
    </ClCompile>
    <ClCompile Include="SetTimer.cpp">
      <Filter>Source Files</Filter>
    </ClCompile>
    <ClCompile Include="SetWave.cpp">
      <Filter>Source Files</Filter>
    </ClCompile>
    <ClCompile Include="ShowWindow.cpp">
      <Filter>Source Files</Filter>
    </ClCompile>
    <ClCompile Include="Soft.cpp">
      <Filter>Source Files</Filter>
    </ClCompile>
    <ClCompile Include="Spy.cpp">
      <Filter>Source Files</Filter>
    </ClCompile>
    <ClCompile Include="StaticHttp.cpp">
      <Filter>Source Files</Filter>
    </ClCompile>
    <ClCompile Include="StdAfx.cpp">
      <Filter>Source Files</Filter>
    </ClCompile>
    <ClCompile Include="VideoEncodeDlg.cpp">
      <Filter>Source Files</Filter>
    </ClCompile>
    <ClCompile Include="VideoShow.cpp">
      <Filter>Source Files</Filter>
    </ClCompile>
    <ClCompile Include="webbrowser.cpp">
      <Filter>Source Files</Filter>
    </ClCompile>
    <ClCompile Include="timerdialog\XPGroupBox.cpp">
      <Filter>Source Files</Filter>
    </ClCompile>
  </ItemGroup>
  <ItemGroup>
    <ResourceCompile Include="BearBearVideo.rc">
      <Filter>Source Files</Filter>
    </ResourceCompile>
  </ItemGroup>
  <ItemGroup>
    <ClInclude Include="AD.h">
      <Filter>Header Files</Filter>
    </ClInclude>
    <ClInclude Include="BearBearVideo.h">
      <Filter>Header Files</Filter>
    </ClInclude>
    <ClInclude Include="BearBearVideoDlg.h">
      <Filter>Header Files</Filter>
    </ClInclude>
    <ClInclude Include="timerdialog\beautifulcanlendarmonthcombo.h">
      <Filter>Header Files</Filter>
    </ClInclude>
    <ClInclude Include="timerdialog\beautifulcanlendaryearcombox.h">
      <Filter>Header Files</Filter>
    </ClInclude>
    <ClInclude Include="timerdialog\BeautifulDateTimePicker.h">
      <Filter>Header Files</Filter>
    </ClInclude>
    <ClInclude Include="timerdialog\Calendar.h">
      <Filter>Header Files</Filter>
    </ClInclude>
    <ClInclude Include="DarwDialog.h">
      <Filter>Header Files</Filter>
    </ClInclude>
    <ClInclude Include="DrawButton.h">
      <Filter>Header Files</Filter>
    </ClInclude>
    <ClInclude Include="DrawEdit.h">
      <Filter>Header Files</Filter>
    </ClInclude>
    <ClInclude Include="DrawListCtrl.h">
      <Filter>Header Files</Filter>
    </ClInclude>
    <ClInclude Include="DrawTab.h">
      <Filter>Header Files</Filter>
    </ClInclude>
    <ClInclude Include="DrawToolBar.h">
      <Filter>Header Files</Filter>
    </ClInclude>
    <ClInclude Include="HideDialog.h">
      <Filter>Header Files</Filter>
    </ClInclude>
    <ClInclude Include="MakeVideo.h">
      <Filter>Header Files</Filter>
    </ClInclude>
    <ClInclude Include="MenuButton.h">
      <Filter>Header Files</Filter>
    </ClInclude>
    <ClInclude Include="NewButton.h">
      <Filter>Header Files</Filter>
    </ClInclude>
    <ClInclude Include="Resource.h">
      <Filter>Header Files</Filter>
    </ClInclude>
    <ClInclude Include="Set.h">
      <Filter>Header Files</Filter>
    </ClInclude>
    <ClInclude Include="SetLZ.h">
      <Filter>Header Files</Filter>
    </ClInclude>
    <ClInclude Include="SetTimer.h">
      <Filter>Header Files</Filter>
    </ClInclude>
    <ClInclude Include="SetWave.h">
      <Filter>Header Files</Filter>
    </ClInclude>
    <ClInclude Include="ShowWindow.h">
      <Filter>Header Files</Filter>
    </ClInclude>
    <ClInclude Include="Soft.h">
      <Filter>Header Files</Filter>
    </ClInclude>
    <ClInclude Include="Spy.h">
      <Filter>Header Files</Filter>
    </ClInclude>
    <ClInclude Include="StaticHttp.h">
      <Filter>Header Files</Filter>
    </ClInclude>
    <ClInclude Include="StdAfx.h">
      <Filter>Header Files</Filter>
    </ClInclude>
    <ClInclude Include="VideoEncodeDlg.h">
      <Filter>Header Files</Filter>
    </ClInclude>
    <ClInclude Include="VideoShow.h">
      <Filter>Header Files</Filter>
    </ClInclude>
    <ClInclude Include="webbrowser.h">
      <Filter>Header Files</Filter>
    </ClInclude>
    <ClInclude Include="WriteAVI.h">
      <Filter>Header Files</Filter>
    </ClInclude>
    <ClInclude Include="timerdialog\XPGroupBox.h">
      <Filter>Header Files</Filter>
    </ClInclude>
  </ItemGroup>
  <ItemGroup>
    <CustomBuild Include="res\10.cur">
      <Filter>Resource Files</Filter>
    </CustomBuild>
    <CustomBuild Include="res\8.ico">
      <Filter>Resource Files</Filter>
    </CustomBuild>
    <CustomBuild Include="res\9.ico">
      <Filter>Resource Files</Filter>
    </CustomBuild>
    <CustomBuild Include="res\BearBearVideo.ico">
      <Filter>Resource Files</Filter>
    </CustomBuild>
    <CustomBuild Include="res\BearBearVideo.rc2">
      <Filter>Resource Files</Filter>
    </CustomBuild>
    <CustomBuild Include="res\bg.bmp">
      <Filter>Resource Files</Filter>
    </CustomBuild>
    <CustomBuild Include="res\BG_MENU_HILIGHT.bmp">
      <Filter>Resource Files</Filter>
    </CustomBuild>
    <CustomBuild Include="res\bitmap1.bmp">
      <Filter>Resource Files</Filter>
    </CustomBuild>
    <CustomBuild Include="res\bk.bmp">
      <Filter>Resource Files</Filter>
    </CustomBuild>
    <CustomBuild Include="res\BondiBlue.ico">
      <Filter>Resource Files</Filter>
    </CustomBuild>
    <CustomBuild Include="res\btn_select.bmp">
      <Filter>Resource Files</Filter>
    </CustomBuild>
    <CustomBuild Include="res\button.bmp">
      <Filter>Resource Files</Filter>
    </CustomBuild>
    <CustomBuild Include="res\Common.bmp">
      <Filter>Resource Files</Filter>
    </CustomBuild>
    <CustomBuild Include="res\del.bmp">
      <Filter>Resource Files</Filter>
    </CustomBuild>
    <CustomBuild Include="res\Hand.cur">
      <Filter>Resource Files</Filter>
    </CustomBuild>
    <CustomBuild Include="res\Home-Movie.ico">
      <Filter>Resource Files</Filter>
    </CustomBuild>
    <CustomBuild Include="res\icon3.ico">
      <Filter>Resource Files</Filter>
    </CustomBuild>
    <CustomBuild Include="res\IDB_PUSH_BUTTON_HOVER.bmp">
      <Filter>Resource Files</Filter>
    </CustomBuild>
    <CustomBuild Include="res\IDB_PUSH_BUTTON_NORMAL.bmp">
      <Filter>Resource Files</Filter>
    </CustomBuild>
    <CustomBuild Include="res\open.bmp">
      <Filter>Resource Files</Filter>
    </CustomBuild>
    <CustomBuild Include="res\pause.bmp">
      <Filter>Resource Files</Filter>
    </CustomBuild>
    <CustomBuild Include="res\QuickCamExpress.ico">
      <Filter>Resource Files</Filter>
    </CustomBuild>
    <CustomBuild Include="res\resrc_btn.bmp">
      <Filter>Resource Files</Filter>
    </CustomBuild>
    <CustomBuild Include="res\start.bmp">
      <Filter>Resource Files</Filter>
    </CustomBuild>
    <CustomBuild Include="res\TabButton.bmp">
      <Filter>Resource Files</Filter>
    </CustomBuild>
    <CustomBuild Include="res\tabunsel.bmp">
      <Filter>Resource Files</Filter>
    </CustomBuild>
    <CustomBuild Include="res\toolbar1.bmp">
      <Filter>Resource Files</Filter>
    </CustomBuild>
    <CustomBuild Include="res\未命名.bmp">
      <Filter>Resource Files</Filter>
    </CustomBuild>
    <CustomBuild Include="ReadMe.txt" />
  </ItemGroup>
</Project>